
Microsoft Visual Studio Solution File, Format Version 12.00
# Visual Studio Version 17
VisualStudioVersion = 17.5.33516.290
MinimumVisualStudioVersion = 10.0.40219.1
Project("{FAE04EC0-301F-11D3-BF4B-00C04F79EFBC}") = "cotacao-api", "cotacao-api.csproj", "{A95953A1-F672-49FE-916D-82D43E8CF5AE}"
EndProject
Global
	GlobalSection(SolutionConfigurationPlatforms) = preSolution
		Debug|Any CPU = Debug|Any CPU
		Release|Any CPU = Release|Any CPU
	EndGlobalSection
	GlobalSection(ProjectConfigurationPlatforms) = postSolution
		{A95953A1-F672-49FE-916D-82D43E8CF5AE}.Debug|Any CPU.ActiveCfg = Debug|Any CPU
		{A95953A1-F672-49FE-916D-82D43E8CF5AE}.Debug|Any CPU.Build.0 = Debug|Any CPU
		{A95953A1-F672-49FE-916D-82D43E8CF5AE}.Release|Any CPU.ActiveCfg = Release|Any CPU
		{A95953A1-F672-49FE-916D-82D43E8CF5AE}.Release|Any CPU.Build.0 = Release|Any CPU
	EndGlobalSection
	GlobalSection(SolutionProperties) = preSolution
		HideSolutionNode = FALSE
	EndGlobalSection
	GlobalSection(ExtensibilityGlobals) = postSolution
		SolutionGuid = {DD920207-5253-4C69-A6E1-06100C625579}
	EndGlobalSection
EndGlobal
